version = 1
revision = 3
requires-python = ">=3.13"

[[package]]
name = "altgraph"
version = "0.17.5"
source = { registry = "https://pypi.org/simple" }
sdist = { url = "https://files.pythonhosted.org/packages/7e/f8/97fdf103f38fed6792a1601dbc16cc8aac56e7459a9fff08c812d8ae177a/altgraph-0.17.5.tar.gz", hash = "sha256:c87b395dd12fabde9c99573a9749d67da8d29ef9de0125c7f536699b4a9bc9e7", size = 48428, upload-time = "2025-11-21T20:35:50.583Z" }
wheels = [
    { url = "https://files.pythonhosted.org/packages/a9/ba/000a1996d4308bc65120167c21241a3b205464a2e0b58deda26ae8ac21d1/altgraph-0.17.5-py2.py3-none-any.whl", hash = "sha256:f3a22400bce1b0c701683820ac4f3b159cd301acab067c51c653e06961600597", size = 21228, upload-time = "2025-11-21T20:35:49.444Z" },
]

[[package]]
name = "colorama"
version = "0.4.6"
source = { registry = "https://pypi.org/simple" }
sdist = { url = "https://files.pythonhosted.org/packages/d8/53/6f443c9a4a8358a93a6792e2acffb9d9d5cb0a5cfd8802644b7b1c9a02e4/colorama-0.4.6.tar.gz", hash = "sha256:08695f5cb7ed6e0531a20572697297273c47b8cae5a63ffc6d6ed5c201be6e44", size = 27697, upload-time = "2022-10-25T02:36:22.414Z" }
wheels = [
    { url = "https://files.pythonhosted.org/packages/d1/d6/3965ed04c63042e047cb6a3e6ed1a63a35087b6a609aa3a15ed8ac56c221/colorama-0.4.6-py2.py3-none-any.whl", hash = "sha256:4f1d9991f5acc0ca119f9d443620b77f9d6b33703e51011c16baf57afb285fc6", size = 25335, upload-time = "2022-10-25T02:36:20.889Z" },
]

[[package]]
name = "coverage"
version = "7.15.2"
source = { registry = "https://pypi.org/simple" }
sdist = { url = "https://files.pythonhosted.org/packages/76/d0/55fe630f4cf94e3fcba868240fad8c8cdd1f764e2a932f8926347e6ec4cd/coverage-7.15.2.tar.gz", hash = "sha256:3df60dc267f0a2ca23cb7a9ab1109c62b9335ffbf519fcfe167157c28c09b81d", size = 927741, upload-time = "2026-07-15T18:56:19.558Z" }
wheels = [
    { url = "https://files.pythonhosted.org/packages/fc/d5/f8c838e6b7282976f7c918884b792df7a0c42c5bba5d99c60ad2d221d56d/coverage-7.15.2-cp313-cp313-macosx_10_13_x86_64.whl", hash = "sha256:1121caa19159a38b5463eaae4b1e1fde81e525b15ecc5e000cd5b1a108f743a8", size = 221606, upload-time = "2026-07-15T18:54:45.448Z" },
    { url = "https://files.pythonhosted.org/packages/bf/37/97c926376364f66298cc44893b89cdf17b8bc406376497c4061ae4b8a8ff/coverage-7.15.2-cp313-cp313-macosx_11_0_arm64.whl", hash = "sha256:a300c6934e0989c327b9e8a1e110329da4641149f872bbe9f70168be66da76c1", size = 221982, upload-time = "2026-07-15T18:54:47.341Z" },
    { url = "https://files.pythonhosted.org/packages/b7/30/a36050a6e83c2135ee0776f452ca3948224befc6d7f26acecc082d0c106a/coverage-7.15.2-cp313-cp313-manylinux1_i686.manylinux_2_28_i686.manylinux_2_5_i686.whl", hash = "sha256:2617f8799d268fabdeef42a7e89ac3a23e1deee9025427db2df970f99a89a578", size = 252972, upload-time = "2026-07-15T18:54:49.2Z" },
    { url = "https://files.pythonhosted.org/packages/31/d3/06b5f1daf95f0f15ab05bd75f26ba5f3c8b33d0bb72f3aaa3cf41d1bad3a/coverage-7.15.2-cp313-cp313-manylinux1_x86_64.manylinux_2_28_x86_64.manylinux_2_5_x86_64.whl", hash = "sha256:7dc2950a2992cd676d35c20ae63522836deeb034f08874699d14068710af3dc1", size = 255569, upload-time = "2026-07-15T18:54:51.098Z" },
    { url = "https://files.pythonhosted.org/packages/81/1c/9afb3f8de2b8d36960391c48559a2e3ff96594b58099f115921549ea8d0d/coverage-7.15.2-cp313-cp313-manylinux2014_aarch64.manylinux_2_17_aarch64.manylinux_2_28_aarch64.whl", hash = "sha256:9e36686f7a442185db2400b3df171aac520869faf9deb59df687d28659eda2a6", size = 256806, upload-time = "2026-07-15T18:54:53.145Z" },
    { url = "https://files.pythonhosted.org/packages/64/d8/b989f96061a5e32d82fddd1b1b9ff48a7c8f8ae7606f0e80fd9de54b1e33/coverage-7.15.2-cp313-cp313-manylinux2014_ppc64le.manylinux_2_17_ppc64le.manylinux_2_28_ppc64le.whl", hash = "sha256:7d29ca7bd67af6e12e74632d65f026eabc1364da5c254494cd914446a28a3ef7", size = 258936, upload-time = "2026-07-15T18:54:55.015Z" },
    { url = "https://files.pythonhosted.org/packages/b8/fa/f99771f5110457c7b511c1935ca49ddf288218eaa84322e028b9334146ae/coverage-7.15.2-cp313-cp313-manylinux_2_31_riscv64.manylinux_2_39_riscv64.whl", hash = "sha256:db9c8438057e5b0f6a22a0af99c0c1d26b57fbbdbd1be5861ddb8f897fcc3a2d", size = 253178, upload-time = "2026-07-15T18:54:57.527Z" },
    { url = "https://files.pythonhosted.org/packages/f6/96/c098a6044d119c751ceede7be91035fa8310170ec24a6523aff72f0a5793/coverage-7.15.2-cp313-cp313-musllinux_1_2_aarch64.whl", hash = "sha256:63022c4c8dec1d0342f05c3ede99842fe3d007689acc45e86f123a1746e4a026", size = 254934, upload-time = "2026-07-15T18:54:59.41Z" },
    { url = "https://files.pythonhosted.org/packages/b2/a2/1457b3a7a50c8d77500103b97a046db863e2f59a1cf6d2f814595f349885/coverage-7.15.2-cp313-cp313-musllinux_1_2_i686.whl", hash = "sha256:6c0be82b4d4aa5b2704e08518e2252f3e3d110164bcca826816801052e48a7aa", size = 252898, upload-time = "2026-07-15T18:55:01.338Z" },
    { url = "https://files.pythonhosted.org/packages/6c/0e/76958874c471ecfcdde0d2b2747bb2c61bdbf34a40636f4ce9db9923e643/coverage-7.15.2-cp313-cp313-musllinux_1_2_ppc64le.whl", hash = "sha256:4510fb9cdf6bb02dfa6af0be4a534b8102d086e22e4a33f8836df663da3d660d", size = 257056, upload-time = "2026-07-15T18:55:03.243Z" },
    { url = "https://files.pythonhosted.org/packages/7c/7c/3d7c4e3bf58baa40327dc7edc2272b17cf02299366d52763db1b0ca1556a/coverage-7.15.2-cp313-cp313-musllinux_1_2_riscv64.whl", hash = "sha256:42ec3d989421b174a2ab607c1539f24127ad362757b7f1c0c0d7a2993f7eb37b", size = 252718, upload-time = "2026-07-15T18:55:05.029Z" },
    { url = "https://files.pythonhosted.org/packages/c8/b8/1cecffed9ce14fb25be9ba42d37b6bb61485c9a3ddd43cd3dde36b6087d8/coverage-7.15.2-cp313-cp313-musllinux_1_2_x86_64.whl", hash = "sha256:e8f91bce78e32343af184c3b7fa28fcf5a9e2641f4b6623d392038f804939188", size = 254490, upload-time = "2026-07-15T18:55:06.889Z" },
    { url = "https://files.pythonhosted.org/packages/6c/2c/42984561bc7f4c045dca67516a0c50ee5ef8d84352dbeb5559dc86c4823e/coverage-7.15.2-cp313-cp313-win32.whl", hash = "sha256:434e68d531858205895eb0d74b73d20b84260de426387d53c422a5acda2cf050", size = 223647, upload-time = "2026-07-15T18:55:08.941Z" },
    { url = "https://files.pythonhosted.org/packages/41/9f/39c7c9245efc583beddf89a87683574e663ed93637f3afb6cd7b88405676/coverage-7.15.2-cp313-cp313-win_amd64.whl", hash = "sha256:26c3b04a6377fd7c09800921fa934e3a17c0020439cd59df73e73ae1d4b6a78c", size = 224190, upload-time = "2026-07-15T18:55:10.789Z" },
    { url = "https://files.pythonhosted.org/packages/c7/de/3a2883cf8a213659280ef4b403059e17a9acaeb7fc7fd4105e1226ff2e6d/coverage-7.15.2-cp313-cp313-win_arm64.whl", hash = "sha256:3ed010aa1b69cda8e827aabfca9866216c980e2dca82ab9a78c5f83689964c8b", size = 223583, upload-time = "2026-07-15T18:55:12.678Z" },
    { url = "https://files.pythonhosted.org/packages/81/5f/aed265fd7a3551a394f36dfe41868aee709b7f95db4052205b4ad1563ac3/coverage-7.15.2-cp314-cp314-macosx_10_15_x86_64.whl", hash = "sha256:40f633c5c5fc783732f6312280122e859538fa24461235597c13d803ea9a108a", size = 221650, upload-time = "2026-07-15T18:55:14.527Z" },
    { url = "https://files.pythonhosted.org/packages/6b/2c/222ba12a545189017120f8eddfc1a0bd4616b47d5d4a8d99421edb2fe4c6/coverage-7.15.2-cp314-cp314-macosx_11_0_arm64.whl", hash = "sha256:075560438765b7a2ef43bf7aa7758661b53d889df47f062a31bda6c1ade553a2", size = 221988, upload-time = "2026-07-15T18:55:16.674Z" },
    { url = "https://files.pythonhosted.org/packages/aa/38/304b5877ab46e6c290b4292cfcf3fe28245f0e5597cad7f6acc91fc7e0a4/coverage-7.15.2-cp314-cp314-manylinux1_i686.manylinux_2_28_i686.manylinux_2_5_i686.whl", hash = "sha256:25fd15dd40a0a2c51a500d664ca29053c09c3259d998407bf982b6e114696138", size = 253029, upload-time = "2026-07-15T18:55:18.856Z" },
    { url = "https://files.pythonhosted.org/packages/6c/58/821b533b8db9e44cf1d8a97bd525149ced40dde1d0093da02cb78e715244/coverage-7.15.2-cp314-cp314-manylinux1_x86_64.manylinux_2_28_x86_64.manylinux_2_5_x86_64.whl", hash = "sha256:b9a6367e4aff723e8ee8190836836124284e8fcd4265e307c844010cfa074f3f", size = 255536, upload-time = "2026-07-15T18:55:21.027Z" },
    { url = "https://files.pythonhosted.org/packages/f1/f2/7aa06604c389d32ea7f0a6a988359a7eafc3cd3f8e7bc2e88cd2fdf0b877/coverage-7.15.2-cp314-cp314-manylinux2014_aarch64.manylinux_2_17_aarch64.manylinux_2_28_aarch64.whl", hash = "sha256:9854ca62c152874b2060772503535be2e8f53f70b8aaa7686b094888d872f984", size = 256881, upload-time = "2026-07-15T18:55:23.125Z" },
    { url = "https://files.pythonhosted.org/packages/a2/4f/1ef342339c7916d0096bc5888cc0f653882cc7bc8f897d5cb89143287c9b/coverage-7.15.2-cp314-cp314-manylinux2014_ppc64le.manylinux_2_17_ppc64le.manylinux_2_28_ppc64le.whl", hash = "sha256:913b6c56e110da40e035bbd168353bf7aaa2544a5eaccea5d98a4629aac156c7", size = 259196, upload-time = "2026-07-15T18:55:25.099Z" },
    { url = "https://files.pythonhosted.org/packages/fe/f4/7ed055d7a9c5ec13b161773a115a5ccc6b0081d568c31fad830806306cc7/coverage-7.15.2-cp314-cp314-manylinux_2_31_riscv64.manylinux_2_39_riscv64.whl", hash = "sha256:aaccad4129d735a8a4d526f26929894c9a4e8ef7034566f210b176749d6906e3", size = 253036, upload-time = "2026-07-15T18:55:27.018Z" },
    { url = "https://files.pythonhosted.org/packages/14/79/ea82cca18c242a3a38b6c017da39726aa62dcb64aa635abf79b92009975c/coverage-7.15.2-cp314-cp314-musllinux_1_2_aarch64.whl", hash = "sha256:a164b50081fc7357331c4024ef4d17b78ba325f8380d05f5a69599a7e05257ee", size = 254887, upload-time = "2026-07-15T18:55:29.084Z" },
    { url = "https://files.pythonhosted.org/packages/a4/ba/a136db3c0d9562b00e10b72540dbf3a33cd3bc5b95060c9308e247494623/coverage-7.15.2-cp314-cp314-musllinux_1_2_i686.whl", hash = "sha256:bfd341ccf78128e72c094bc70cc25b3ef309c33c7c2c66ba3ed4309549e02de1", size = 252852, upload-time = "2026-07-15T18:55:31.184Z" },
    { url = "https://files.pythonhosted.org/packages/17/17/ea334246b16b7d059953fad6fdefa11e33c68efbd3fe37b1098120a1fac2/coverage-7.15.2-cp314-cp314-musllinux_1_2_ppc64le.whl", hash = "sha256:1473b3ba8e7ee0f076117b1a72c23f579a2b9e2bb742f48a8d86ea27ca93f91a", size = 257128, upload-time = "2026-07-15T18:55:33.163Z" },
    { url = "https://files.pythonhosted.org/packages/ed/c3/074fb66d46d607855f710876b117cbda562c5ab08363528e78820449f937/coverage-7.15.2-cp314-cp314-musllinux_1_2_riscv64.whl", hash = "sha256:17c432b5f73ad52ef46fb06019f6fa7c66ce381961cf0f7dfd1d3a4bd3a98145", size = 252668, upload-time = "2026-07-15T18:55:35.063Z" },
    { url = "https://files.pythonhosted.org/packages/e1/c1/f620850ada9b36435921c9a3a8057013422b1d964eb4bf37fe138724d192/coverage-7.15.2-cp314-cp314-musllinux_1_2_x86_64.whl", hash = "sha256:77f0ef5011df53a4bd1b35211ab122287f8d9b8d7aa1c4553e5c2deb24b1d446", size = 254325, upload-time = "2026-07-15T18:55:37.125Z" },
    { url = "https://files.pythonhosted.org/packages/cc/31/a729ca3689404493af82ef8e6ff70bd88bdda8da89aeef6ca9b387aeb2b4/coverage-7.15.2-cp314-cp314-win32.whl", hash = "sha256:f653e5d7248c1191ec988a85c72edeab46c3ff44f90639a4ed4874ec0be90243", size = 223844, upload-time = "2026-07-15T18:55:39.078Z" },
    { url = "https://files.pythonhosted.org/packages/c6/83/5d809dc808fb1698c671f3e372259bb9158e64b7ea526fc6ab7de64de9fe/coverage-7.15.2-cp314-cp314-win_amd64.whl", hash = "sha256:9911f31aad8906abe337c271343485cf20df5e70df5d2f57f9f136e7b55f26bc", size = 224331, upload-time = "2026-07-15T18:55:41.346Z" },
    { url = "https://files.pythonhosted.org/packages/16/4e/35e488548e952795829e129995c4174df33bf432b591d1aa42c8d9e4e7ad/coverage-7.15.2-cp314-cp314-win_arm64.whl", hash = "sha256:e38def96ad59853824c97953fdcd2c320a84ba3ce99b417db78af8bb6c3db635", size = 223760, upload-time = "2026-07-15T18:55:43.518Z" },
    { url = "https://files.pythonhosted.org/packages/ed/49/dd2c86cd6374038f6e415fb5bfb86db5218553209c081384a020369dee79/coverage-7.15.2-cp314-cp314t-macosx_10_15_x86_64.whl", hash = "sha256:835ec4e20b45f0a7f63ed78f94065aca00de033403df8377bfe8b9c6abc0a7be", size = 222384, upload-time = "2026-07-15T18:55:45.569Z" },
    { url = "https://files.pythonhosted.org/packages/d3/74/173ff17a1c0808e5a438f549f6f145d5ac7528f2791310b63523e3200ac7/coverage-7.15.2-cp314-cp314t-macosx_11_0_arm64.whl", hash = "sha256:7466cc7ab6dc0db871d264bf99e8779f0917ee63d40730af0552f71535a6e072", size = 222647, upload-time = "2026-07-15T18:55:47.544Z" },
    { url = "https://files.pythonhosted.org/packages/84/f8/b8cba872162356fb44ac79c10309d987206a4461e32072fc29228dad7331/coverage-7.15.2-cp314-cp314t-manylinux1_i686.manylinux_2_28_i686.manylinux_2_5_i686.whl", hash = "sha256:e370c12133095ff18432de8c044962be85a5a96d90c6fcbce8e17e76236d2328", size = 264013, upload-time = "2026-07-15T18:55:49.768Z" },
    { url = "https://files.pythonhosted.org/packages/ee/67/a807a7586d0b8cae485308ddd55756f0806c92f8e0b411bacbf23c48edf3/coverage-7.15.2-cp314-cp314t-manylinux1_x86_64.manylinux_2_28_x86_64.manylinux_2_5_x86_64.whl", hash = "sha256:fe41909c9515c3bfdb5f02c4d1f857dba322d9a9a1178069b91eea77889df63a", size = 266135, upload-time = "2026-07-15T18:55:51.941Z" },
    { url = "https://files.pythonhosted.org/packages/ce/67/cd78771dc985f7e4ebdcc82b1a96d9a932af9e806f01f2f91a89f4c72e80/coverage-7.15.2-cp314-cp314t-manylinux2014_aarch64.manylinux_2_17_aarch64.manylinux_2_28_aarch64.whl", hash = "sha256:6aa28cfb6488e5453b5b762d65f73aa586380f6693a04d58078ce228a29b06c0", size = 268555, upload-time = "2026-07-15T18:55:54.065Z" },
    { url = "https://files.pythonhosted.org/packages/18/3e/10134cf81275188c58568f324fc74aedff32c63ca4d5bbc513a91944a6f0/coverage-7.15.2-cp314-cp314t-manylinux2014_ppc64le.manylinux_2_17_ppc64le.manylinux_2_28_ppc64le.whl", hash = "sha256:bcc0aae933921d03096f53b0b03eeb702129fd406dee59f08d2efacc68681fa5", size = 269674, upload-time = "2026-07-15T18:55:56.066Z" },
    { url = "https://files.pythonhosted.org/packages/75/4a/771b77de446cba985dc414bbc5844bd21604da05dbc044286df8318a48a7/coverage-7.15.2-cp314-cp314t-manylinux_2_31_riscv64.manylinux_2_39_riscv64.whl", hash = "sha256:7c63387e21ab21f512c69c9756a8c7dadd322c7275edb064064433c9a09c3743", size = 263101, upload-time = "2026-07-15T18:55:58.107Z" },
    { url = "https://files.pythonhosted.org/packages/5f/b5/70a7011da15f4071943361183aefa27847f3e3aec4fd335f1cb3d3a622b1/coverage-7.15.2-cp314-cp314t-musllinux_1_2_aarch64.whl", hash = "sha256:0e55510bc98ae943cece9e667a6c0fe94c6a92913720dea34243657a17993d0c", size = 266007, upload-time = "2026-07-15T18:56:00.468Z" },
    { url = "https://files.pythonhosted.org/packages/b4/0d/f9547e804ce7ad49646ffeffac26699510efbe6c0f751b66fdc960c4e825/coverage-7.15.2-cp314-cp314t-musllinux_1_2_i686.whl", hash = "sha256:2ff08701be2d1556fc78b326c80a3e8042da09352ecb3819105f8e386c8a3071", size = 263611, upload-time = "2026-07-15T18:56:02.615Z" },
    { url = "https://files.pythonhosted.org/packages/ac/59/f576a396659c0efd351f5c1544f67c3560e89c7761cabf7f65e412beeda5/coverage-7.15.2-cp314-cp314t-musllinux_1_2_ppc64le.whl", hash = "sha256:38c9518b7103826c403a461544e3c2e77151e8676d06eaed85911a97e962584a", size = 267344, upload-time = "2026-07-15T18:56:04.622Z" },
    { url = "https://files.pythonhosted.org/packages/7c/5d/c2e4fce3579c0cb635024293f1a32bbe26df101b3e3a69f22243d1352b6c/coverage-7.15.2-cp314-cp314t-musllinux_1_2_riscv64.whl", hash = "sha256:dee88b1ed88587abd8c0269a1fc1f4cc77f7750d1dfde2869e2a123af420e67d", size = 262456, upload-time = "2026-07-15T18:56:06.641Z" },
    { url = "https://files.pythonhosted.org/packages/bb/dd/956287d69436b66094bc4b57ac2da71e43bfd2a5524e958900b9f582fcf8/coverage-7.15.2-cp314-cp314t-musllinux_1_2_x86_64.whl", hash = "sha256:2fbeeeecea279727f8ac16c8e1133ddfeee793e985c86ae343d6a5ce744eef8c", size = 264771, upload-time = "2026-07-15T18:56:08.795Z" },
    { url = "https://files.pythonhosted.org/packages/2c/5a/6f979530c2734c575de77cf58f5f28d51f7123a94b5030fd9156fe5f363c/coverage-7.15.2-cp314-cp314t-win32.whl", hash = "sha256:cb0fddaa6884be6aae36ced9544b5e90f7d5f03845a2853bf47a14953a4e8688", size = 224151, upload-time = "2026-07-15T18:56:10.856Z" },
    { url = "https://files.pythonhosted.org/packages/54/7e/27f6b2a74d484742f4017553e710b01e396b23d809df3e95ca0bb9a2824b/coverage-7.15.2-cp314-cp314t-win_amd64.whl", hash = "sha256:77f091ea3a9cc611cd29f433565476bc1936c084ac8eee00ea0e7e70c27e4199", size = 224981, upload-time = "2026-07-15T18:56:12.928Z" },
    { url = "https://files.pythonhosted.org/packages/b1/48/284863423aa474240f6842bd00d680da22f4e6ea2e466618ef7c9c9e69a9/coverage-7.15.2-cp314-cp314t-win_arm64.whl", hash = "sha256:6fc448c377d6eeb00a47c673494bd9bae29280ca53987e1869e67ebedfe20658", size = 224294, upload-time = "2026-07-15T18:56:15.156Z" },
    { url = "https://files.pythonhosted.org/packages/ec/82/32e3bd191d498e64f6f911ad55d14006a0861e54869d2d32452326399e65/coverage-7.15.2-py3-none-any.whl", hash = "sha256:eb6bcae8d1a9d305351ecb108232441d11c5cfe9de840a04388ba5d2db8d735c", size = 213375, upload-time = "2026-07-15T18:56:17.305Z" },
]

[[package]]
name = "iniconfig"
version = "2.3.0"
source = { registry = "https://pypi.org/simple" }
sdist = { url = "https://files.pythonhosted.org/packages/72/34/14ca021ce8e5dfedc35312d08ba8bf51fdd999c576889fc2c24cb97f4f10/iniconfig-2.3.0.tar.gz", hash = "sha256:c76315c77db068650d49c5b56314774a7804df16fee4402c1f19d6d15d8c4730", size = 20503, upload-time = "2025-10-18T21:55:43.219Z" }
wheels = [
    { url = "https://files.pythonhosted.org/packages/cb/b1/3846dd7f199d53cb17f49cba7e651e9ce294d8497c8c150530ed11865bb8/iniconfig-2.3.0-py3-none-any.whl", hash = "sha256:f631c04d2c48c52b84d0d0549c99ff3859c98df65b3101406327ecc7d53fbf12", size = 7484, upload-time = "2025-10-18T21:55:41.639Z" },
]

[[package]]
name = "macholib"
version = "1.16.4"
source = { registry = "https://pypi.org/simple" }
dependencies = [
    { name = "altgraph" },
]
sdist = { url = "https://files.pythonhosted.org/packages/10/2f/97589876ea967487978071c9042518d28b958d87b17dceb7cdc1d881f963/macholib-1.16.4.tar.gz", hash = "sha256:f408c93ab2e995cd2c46e34fe328b130404be143469e41bc366c807448979362", size = 59427, upload-time = "2025-11-22T08:28:38.373Z" }
wheels = [
    { url = "https://files.pythonhosted.org/packages/c7/d1/a9f36f8ecdf0fb7c9b1e78c8d7af12b8c8754e74851ac7b94a8305540fc7/macholib-1.16.4-py2.py3-none-any.whl", hash = "sha256:da1a3fa8266e30f0ce7e97c6a54eefaae8edd1e5f86f3eb8b95457cae90265ea", size = 38117, upload-time = "2025-11-22T08:28:36.939Z" },
]

[[package]]
name = "markdown-it-py"
version = "4.2.0"
source = { registry = "https://pypi.org/simple" }
dependencies = [
    { name = "mdurl" },
]
sdist = { url = "https://files.pythonhosted.org/packages/06/ff/7841249c247aa650a76b9ee4bbaeae59370dc8bfd2f6c01f3630c35eb134/markdown_it_py-4.2.0.tar.gz", hash = "sha256:04a21681d6fbb623de53f6f364d352309d4094dd4194040a10fd51833e418d49", size = 82454, upload-time = "2026-05-07T12:08:28.36Z" }
wheels = [
    { url = "https://files.pythonhosted.org/packages/b3/81/4da04ced5a082363ecfa159c010d200ecbd959ae410c10c0264a38cac0f5/markdown_it_py-4.2.0-py3-none-any.whl", hash = "sha256:9f7ebbcd14fe59494226453aed97c1070d83f8d24b6fc3a3bcf9a38092641c4a", size = 91687, upload-time = "2026-05-07T12:08:27.182Z" },
]

[[package]]
name = "mdurl"
version = "0.1.2"
source = { registry = "https://pypi.org/simple" }
sdist = { url = "https://files.pythonhosted.org/packages/d6/54/cfe61301667036ec958cb99bd3efefba235e65cdeb9c84d24a8293ba1d90/mdurl-0.1.2.tar.gz", hash = "sha256:bb413d29f5eea38f31dd4754dd7377d4465116fb207585f97bf925588687c1ba", size = 8729, upload-time = "2022-08-14T12:40:10.846Z" }
wheels = [
    { url = "https://files.pythonhosted.org/packages/b3/38/89ba8ad64ae25be8de66a6d463314cf1eb366222074cfda9ee839c56a4b4/mdurl-0.1.2-py3-none-any.whl", hash = "sha256:84008a41e51615a49fc9966191ff91509e3c40b939176e643fd50a5c2196b8f8", size = 9979, upload-time = "2022-08-14T12:40:09.779Z" },
]

[[package]]
name = "packaging"
version = "26.2"
source = { registry = "https://pypi.org/simple" }
sdist = { url = "https://files.pythonhosted.org/packages/d7/f1/e7a6dd94a8d4a5626c03e4e99c87f241ba9e350cd9e6d75123f992427270/packaging-26.2.tar.gz", hash = "sha256:ff452ff5a3e828ce110190feff1178bb1f2ea2281fa2075aadb987c2fb221661", size = 228134, upload-time = "2026-04-24T20:15:23.917Z" }
wheels = [
    { url = "https://files.pythonhosted.org/packages/df/b2/87e62e8c3e2f4b32e5fe99e0b86d576da1312593b39f47d8ceef365e95ed/packaging-26.2-py3-none-any.whl", hash = "sha256:5fc45236b9446107ff2415ce77c807cee2862cb6fac22b8a73826d0693b0980e", size = 100195, upload-time = "2026-04-24T20:15:22.081Z" },
]

[[package]]
name = "pefile"
version = "2024.8.26"
source = { registry = "https://pypi.org/simple" }
sdist = { url = "https://files.pythonhosted.org/packages/03/4f/2750f7f6f025a1507cd3b7218691671eecfd0bbebebe8b39aa0fe1d360b8/pefile-2024.8.26.tar.gz", hash = "sha256:3ff6c5d8b43e8c37bb6e6dd5085658d658a7a0bdcd20b6a07b1fcfc1c4e9d632", size = 76008, upload-time = "2024-08-26T20:58:38.155Z" }
wheels = [
    { url = "https://files.pythonhosted.org/packages/54/16/12b82f791c7f50ddec566873d5bdd245baa1491bac11d15ffb98aecc8f8b/pefile-2024.8.26-py3-none-any.whl", hash = "sha256:76f8b485dcd3b1bb8166f1128d395fa3d87af26360c2358fb75b80019b957c6f", size = 74766, upload-time = "2024-08-26T21:01:02.632Z" },
]

[[package]]
name = "pluggy"
version = "1.6.0"
source = { registry = "https://pypi.org/simple" }
sdist = { url = "https://files.pythonhosted.org/packages/f9/e2/3e91f31a7d2b083fe6ef3fa267035b518369d9511ffab804f839851d2779/pluggy-1.6.0.tar.gz", hash = "sha256:7dcc130b76258d33b90f61b658791dede3486c3e6bfb003ee5c9bfb396dd22f3", size = 69412, upload-time = "2025-05-15T12:30:07.975Z" }
wheels = [
    { url = "https://files.pythonhosted.org/packages/54/20/4d324d65cc6d9205fabedc306948156824eb9f0ee1633355a8f7ec5c66bf/pluggy-1.6.0-py3-none-any.whl", hash = "sha256:e920276dd6813095e9377c0bc5566d94c932c33b27a3e3945d8389c374dd4746", size = 20538, upload-time = "2025-05-15T12:30:06.134Z" },
]

[[package]]
name = "pygments"
version = "2.20.0"
source = { registry = "https://pypi.org/simple" }
sdist = { url = "https://files.pythonhosted.org/packages/c3/b2/bc9c9196916376152d655522fdcebac55e66de6603a76a02bca1b6414f6c/pygments-2.20.0.tar.gz", hash = "sha256:6757cd03768053ff99f3039c1a36d6c0aa0b263438fcab17520b30a303a82b5f", size = 4955991, upload-time = "2026-03-29T13:29:33.898Z" }
wheels = [
    { url = "https://files.pythonhosted.org/packages/f4/7e/a72dd26f3b0f4f2bf1dd8923c85f7ceb43172af56d63c7383eb62b332364/pygments-2.20.0-py3-none-any.whl", hash = "sha256:81a9e26dd42fd28a23a2d169d86d7ac03b46e2f8b59ed4698fb4785f946d0176", size = 1231151, upload-time = "2026-03-29T13:29:30.038Z" },
]

[[package]]
name = "pyinstaller"
version = "6.21.0"
source = { registry = "https://pypi.org/simple" }
dependencies = [
    { name = "altgraph" },
    { name = "macholib", marker = "sys_platform == 'darwin'" },
    { name = "packaging" },
    { name = "pefile", marker = "sys_platform == 'win32'" },
    { name = "pyinstaller-hooks-contrib" },
    { name = "pywin32-ctypes", marker = "sys_platform == 'win32'" },
    { name = "setuptools" },
]
sdist = { url = "https://files.pythonhosted.org/packages/d5/4d/ec706c3fcf39e26888c35b39615ff4d5865d184069666c47492cff1fbe50/pyinstaller-6.21.0.tar.gz", hash = "sha256:bb9fab705983e393a2d1cac77d6972513057ad800215fd861dc15ff5272e98fd", size = 4061519, upload-time = "2026-06-13T14:15:06.25Z" }
wheels = [
    { url = "https://files.pythonhosted.org/packages/0c/4a/53cf98bf66daed012dc9cd78c8203f19a675d696f2fc12afcf8c5049a0e0/pyinstaller-6.21.0-py3-none-macosx_10_13_universal2.whl", hash = "sha256:327d132389f37912609e01be62810cf96b5aa95b613903e4b8692e0d12fb0eda", size = 1052350, upload-time = "2026-06-13T14:13:55.88Z" },
    { url = "https://files.pythonhosted.org/packages/30/83/b591295c352ef464c50b4c6ffff1c4f771d875c9e833f578d1b9f564f6b3/pyinstaller-6.21.0-py3-none-manylinux2014_aarch64.whl", hash = "sha256:7071d4b094d5b40deeef5fa3d3b98a1b846087f7562b49209663d5f9281fe251", size = 748477, upload-time = "2026-06-13T14:14:00.327Z" },
    { url = "https://files.pythonhosted.org/packages/3d/8f/88fff4e403873b1e22286911350e75ff00db014aa08e57045da9d4328993/pyinstaller-6.21.0-py3-none-manylinux2014_i686.whl", hash = "sha256:6b6374d652107dd4a2eeece903ff82bb4045bb5e1006c5a158a6dcdbefe84bf2", size = 760877, upload-time = "2026-06-13T14:14:04.836Z" },
    { url = "https://files.pythonhosted.org/packages/8a/13/f0e48fbdfd1d05d948157121cea8b1b823dcb89efe6934b71fdd8bdb3f0f/pyinstaller-6.21.0-py3-none-manylinux2014_ppc64le.whl", hash = "sha256:4e3108b3f02384560da70e39b8bf22b0ad597d02bd68a40d76ea91c1cfa00cad", size = 759194, upload-time = "2026-06-13T14:14:10.61Z" },
    { url = "https://files.pythonhosted.org/packages/dd/d5/ea7878cf9924ed30d946d8288777424e6d069d94f5bde56b4d0890069664/pyinstaller-6.21.0-py3-none-manylinux2014_s390x.whl", hash = "sha256:697532279f535ad572bda613db4f821540e235c7854ca6da4d3bf0373f4415ee", size = 754979, upload-time = "2026-06-13T14:14:15.226Z" },
    { url = "https://files.pythonhosted.org/packages/9f/09/51b8905714b733bac66dbc041a7821372d70d888d273ae474c4037d4202d/pyinstaller-6.21.0-py3-none-manylinux2014_x86_64.whl", hash = "sha256:605169523a6b5ace39f13dfbff21add9f2bc43df99c7daf9394fefb2c45e8b6f", size = 754812, upload-time = "2026-06-13T14:14:20.264Z" },
    { url = "https://files.pythonhosted.org/packages/4b/43/d77779439d8c6c2e27a77bcfbd1d5cc0f568ebb611bb472b11af81b5f177/pyinstaller-6.21.0-py3-none-musllinux_1_1_aarch64.whl", hash = "sha256:5fa56746c1e76f93634d018502301378a2d0c382553d37d8c3c34ff436c12dd1", size = 753887, upload-time = "2026-06-13T14:14:25.268Z" },
    { url = "https://files.pythonhosted.org/packages/51/8f/c22df1f6837784ac349057ba693f08e7b1ca7a0e06f9c33c63bc6280007b/pyinstaller-6.21.0-py3-none-musllinux_1_1_x86_64.whl", hash = "sha256:42395ec76df8e8120c36b13339d9db8cab83e316a12839ee303cc00fc941bb74", size = 753779, upload-time = "2026-06-13T14:14:29.445Z" },
    { url = "https://files.pythonhosted.org/packages/c9/76/1ce8a27ce62ba8cf3a87c9ce6d575610f4e55d7cb0123e7512fc3f4b921a/pyinstaller-6.21.0-py3-none-win32.whl", hash = "sha256:c6b28d30d8fd99ce162ff3aab5013ed44dbfb747566b1f01b9bed7964d7c14e9", size = 1336462, upload-time = "2026-06-13T14:14:35.785Z" },
    { url = "https://files.pythonhosted.org/packages/c1/fa/ca1d7e5257dd8566a9dfc0dfb02f8a8075eeb53d4b2d3c579f1276759042/pyinstaller-6.21.0-py3-none-win_amd64.whl", hash = "sha256:7fae06c494ce0ebfe6bd3055c0e409def884f63af2e3705d06bd431ad9237fc7", size = 1397487, upload-time = "2026-06-13T14:14:42.328Z" },
    { url = "https://files.pythonhosted.org/packages/dc/75/21b51523ce8d96629b71311775a0a65f5f5a872124ab0de33e5c848f8bff/pyinstaller-6.21.0-py3-none-win_arm64.whl", hash = "sha256:f13c95c9c03fb567217135919f93815c305813126780b0ed6e0123cb8acaf025", size = 1346094, upload-time = "2026-06-13T14:14:48.914Z" },
]

[[package]]
name = "pyinstaller-hooks-contrib"
version = "2026.6"
source = { registry = "https://pypi.org/simple" }
dependencies = [
    { name = "packaging" },
]
sdist = { url = "https://files.pythonhosted.org/packages/94/5b/c9fe0db5e83ee1c39b2258fa21d23b15e1a60786b6c5990ee5074ead8bb6/pyinstaller_hooks_contrib-2026.6.tar.gz", hash = "sha256:bef5002c32f4f50bd55b005da12cff64eca8783e7eaf86a06a62410164bab725", size = 173354, upload-time = "2026-06-08T22:37:16.152Z" }
wheels = [
    { url = "https://files.pythonhosted.org/packages/e7/31/f2d7343d8ed5f7c4678377886f6ce533e6eaaa131b252ce950114c2a7efa/pyinstaller_hooks_contrib-2026.6-py3-none-any.whl", hash = "sha256:fd13b8ac126b35361175edacd41a0d97080b75dd5f4b594ecefefff969509dd3", size = 457159, upload-time = "2026-06-08T22:37:14.722Z" },
]

[[package]]
name = "pypdf"
version = "6.14.2"
source = { registry = "https://pypi.org/simple" }
sdist = { url = "https://files.pythonhosted.org/packages/03/72/7dfd5ff1c9c37de97a731701f51af091325f123d9d4270361c9c69e4431f/pypdf-6.14.2.tar.gz", hash = "sha256:7873f502fe4385e79539b21d872392dc0c4e3714327c15881cbc7fbfd1f95b25", size = 6491182, upload-time = "2026-06-23T14:18:30.859Z" }
wheels = [
    { url = "https://files.pythonhosted.org/packages/49/e6/136aa8993a2ae7214e0b0ef2edaa0d2e08d1d4e4982635b08a835ff31ec8/pypdf-6.14.2-py3-none-any.whl", hash = "sha256:3f07891af76dc002657e04993ab9b4de81de29f9013b9761d0b7968bff12e946", size = 349514, upload-time = "2026-06-23T14:18:28.867Z" },
]

[[package]]
name = "pytest"
version = "9.1.1"
source = { registry = "https://pypi.org/simple" }
dependencies = [
    { name = "colorama", marker = "sys_platform == 'win32'" },
    { name = "iniconfig" },
    { name = "packaging" },
    { name = "pluggy" },
    { name = "pygments" },
]
sdist = { url = "https://files.pythonhosted.org/packages/e4/47/b9efed96c114afcfa3c9d3fe98a76a1d14c74a9e266d397cf6eb64be5e01/pytest-9.1.1.tar.gz", hash = "sha256:1088fbde8f2b49d95a549a195707afa7a76a3ce9bcadc26b6d71f0ffda5fe313", size = 1636369, upload-time = "2026-06-19T10:58:32.857Z" }
wheels = [
    { url = "https://files.pythonhosted.org/packages/24/25/1de2678b631f5a49215c6c96fff41ba892b0a34df68d6d80292b1b48aa7f/pytest-9.1.1-py3-none-any.whl", hash = "sha256:37a86b45efb9a47a61a36449063e8e18d0cab3161329fc099eb21783169c4f0c", size = 386536, upload-time = "2026-06-19T10:58:31.347Z" },
]

[[package]]
name = "pytest-cov"
version = "7.1.0"
source = { registry = "https://pypi.org/simple" }
dependencies = [
    { name = "coverage" },
    { name = "pluggy" },
    { name = "pytest" },
]
sdist = { url = "https://files.pythonhosted.org/packages/b1/51/a849f96e117386044471c8ec2bd6cfebacda285da9525c9106aeb28da671/pytest_cov-7.1.0.tar.gz", hash = "sha256:30674f2b5f6351aa09702a9c8c364f6a01c27aae0c1366ae8016160d1efc56b2", size = 55592, upload-time = "2026-03-21T20:11:16.284Z" }
wheels = [
    { url = "https://files.pythonhosted.org/packages/9d/7a/d968e294073affff457b041c2be9868a40c1c71f4a35fcc1e45e5493067b/pytest_cov-7.1.0-py3-none-any.whl", hash = "sha256:a0461110b7865f9a271aa1b51e516c9a95de9d696734a2f71e3e78f46e1d4678", size = 22876, upload-time = "2026-03-21T20:11:14.438Z" },
]

[[package]]
name = "pytest-mock"
version = "3.15.1"
source = { registry = "https://pypi.org/simple" }
dependencies = [
    { name = "pytest" },
]
sdist = { url = "https://files.pythonhosted.org/packages/68/14/eb014d26be205d38ad5ad20d9a80f7d201472e08167f0bb4361e251084a9/pytest_mock-3.15.1.tar.gz", hash = "sha256:1849a238f6f396da19762269de72cb1814ab44416fa73a8686deac10b0d87a0f", size = 34036, upload-time = "2025-09-16T16:37:27.081Z" }
wheels = [
    { url = "https://files.pythonhosted.org/packages/5a/cc/06253936f4a7fa2e0f48dfe6d851d9c56df896a9ab09ac019d70b760619c/pytest_mock-3.15.1-py3-none-any.whl", hash = "sha256:0a25e2eb88fe5168d535041d09a4529a188176ae608a6d249ee65abc0949630d", size = 10095, upload-time = "2025-09-16T16:37:25.734Z" },
]

[[package]]
name = "pytexmk"
source = { editable = "." }
dependencies = [
    { name = "packaging" },
    { name = "pypdf" },
    { name = "rich" },
    { name = "rich-argparse" },
    { name = "toml" },
    { name = "watchdog" },
]

[package.optional-dependencies]
dev = [
    { name = "pyinstaller" },
    { name = "pytest" },
    { name = "pytest-cov" },
    { name = "pytest-mock" },
    { name = "ruff" },
]

[package.metadata]
requires-dist = [
    { name = "packaging", specifier = ">=24.0" },
    { name = "pyinstaller", marker = "extra == 'dev'", specifier = ">=6.0.0" },
    { name = "pypdf", specifier = ">=6.0.0" },
    { name = "pytest", marker = "extra == 'dev'", specifier = ">=8.0.0" },
    { name = "pytest-cov", marker = "extra == 'dev'", specifier = ">=5.0.0" },
    { name = "pytest-mock", marker = "extra == 'dev'", specifier = ">=3.12.0" },
    { name = "rich" },
    { name = "rich-argparse" },
    { name = "ruff", marker = "extra == 'dev'", specifier = ">=0.5.0" },
    { name = "toml", specifier = ">=0.10.2" },
    { name = "watchdog", specifier = ">=4.0.0" },
]
provides-extras = ["dev"]

[[package]]
name = "pywin32-ctypes"
version = "0.2.3"
source = { registry = "https://pypi.org/simple" }
sdist = { url = "https://files.pythonhosted.org/packages/85/9f/01a1a99704853cb63f253eea009390c88e7131c67e66a0a02099a8c917cb/pywin32-ctypes-0.2.3.tar.gz", hash = "sha256:d162dc04946d704503b2edc4d55f3dba5c1d539ead017afa00142c38b9885755", size = 29471, upload-time = "2024-08-14T10:15:34.626Z" }
wheels = [
    { url = "https://files.pythonhosted.org/packages/de/3d/8161f7711c017e01ac9f008dfddd9410dff3674334c233bde66e7ba65bbf/pywin32_ctypes-0.2.3-py3-none-any.whl", hash = "sha256:8a1513379d709975552d202d942d9837758905c8d01eb82b8bcc30918929e7b8", size = 30756, upload-time = "2024-08-14T10:15:33.187Z" },
]

[[package]]
name = "rich"
version = "15.0.0"
source = { registry = "https://pypi.org/simple" }
dependencies = [
    { name = "markdown-it-py" },
    { name = "pygments" },
]
sdist = { url = "https://files.pythonhosted.org/packages/c0/8f/0722ca900cc807c13a6a0c696dacf35430f72e0ec571c4275d2371fca3e9/rich-15.0.0.tar.gz", hash = "sha256:edd07a4824c6b40189fb7ac9bc4c52536e9780fbbfbddf6f1e2502c31b068c36", size = 230680, upload-time = "2026-04-12T08:24:00.75Z" }
wheels = [
    { url = "https://files.pythonhosted.org/packages/82/3b/64d4899d73f91ba49a8c18a8ff3f0ea8f1c1d75481760df8c68ef5235bf5/rich-15.0.0-py3-none-any.whl", hash = "sha256:33bd4ef74232fb73fe9279a257718407f169c09b78a87ad3d296f548e27de0bb", size = 310654, upload-time = "2026-04-12T08:24:02.83Z" },
]

[[package]]
name = "rich-argparse"
version = "1.8.0"
source = { registry = "https://pypi.org/simple" }
dependencies = [
    { name = "rich" },
]
sdist = { url = "https://files.pythonhosted.org/packages/6a/e5/1064c43203a357d668cd42435f7a15fe6af51512d85b2104fecb937aa861/rich_argparse-1.8.0.tar.gz", hash = "sha256:679df3d832fa94ad6e4bdb07ded088cd7ea2dddc58ae9b2b46346a40b06cbc0c", size = 38940, upload-time = "2026-05-01T15:18:43.604Z" }
wheels = [
    { url = "https://files.pythonhosted.org/packages/0b/35/1cceccc5fcb50fa2ed53e2aa278cd032f3902682a73e763fb1ac3be8e6fa/rich_argparse-1.8.0-py3-none-any.whl", hash = "sha256:d2a3ce7854654e2253c578763ab0a32f05016f23a55fadba7b9a91b6c0e92142", size = 25616, upload-time = "2026-05-01T15:18:42.395Z" },
]

[[package]]
name = "ruff"
version = "0.15.22"
source = { registry = "https://pypi.org/simple" }
sdist = { url = "https://files.pythonhosted.org/packages/3a/06/ae069393fc66e8ff33036d4b368003833bf6e88ccf182e17e7a2f1c754fd/ruff-0.15.22.tar.gz", hash = "sha256:3f15175b1fb580126f58285a5dae6b2ea89000136d980c64499211f116b54809", size = 4785063, upload-time = "2026-07-16T15:14:13.244Z" }
wheels = [
    { url = "https://files.pythonhosted.org/packages/23/18/ee54b7ae1e121be7a28ea6da4b67564ebb0530e183a54415ab7e3bcd2c4e/ruff-0.15.22-py3-none-linux_armv6l.whl", hash = "sha256:44423e73493737f5e7c5b41d475483898ff37afcdae38bc3da5085e29af1c2d8", size = 10781258, upload-time = "2026-07-16T15:13:19.452Z" },
    { url = "https://files.pythonhosted.org/packages/2f/d2/2520cb14761ddbeaf57642a76942fc36adcbdbe53b4532241995f6fc485c/ruff-0.15.22-py3-none-macosx_10_12_x86_64.whl", hash = "sha256:b82c6482946e9eda7ff2e091d25b8bad3f718684e1916d41bd56873cee05b697", size = 10999477, upload-time = "2026-07-16T15:13:23.318Z" },
    { url = "https://files.pythonhosted.org/packages/c9/10/74e53572aa758dfaa678c2a2646b5c5515d884b7ca56be4d2ce03ca4b560/ruff-0.15.22-py3-none-macosx_11_0_arm64.whl", hash = "sha256:11c1c715af53a09f714e011106bffc419751ec8232fcb5da42173284ea3fec6f", size = 10466716, upload-time = "2026-07-16T15:13:26.162Z" },
    { url = "https://files.pythonhosted.org/packages/1e/cc/44eaaf0844e028182f2d0a8f2190d0f359159aed0a9e5ab861d892f1ae2a/ruff-0.15.22-py3-none-manylinux_2_17_aarch64.manylinux2014_aarch64.whl", hash = "sha256:742a29cf29bddb7c8327895d6a10e0e6c5b38a96dd407af9b5d0857f809c0576", size = 10892644, upload-time = "2026-07-16T15:13:29.229Z" },
    { url = "https://files.pythonhosted.org/packages/9f/21/8edf559014d2b0f82beea19cfb713993ad802ccda16868769979c6090a84/ruff-0.15.22-py3-none-manylinux_2_17_armv7l.manylinux2014_armv7l.whl", hash = "sha256:72af58b951b0ae395935ae79763dc349bc0eb706319d28f7a33ad2cfb3cfc178", size = 10576719, upload-time = "2026-07-16T15:13:32.35Z" },
    { url = "https://files.pythonhosted.org/packages/bf/1e/3a13abd392a3b50b62e5938a831f9ab6e588358cacad5c18545b716d2182/ruff-0.15.22-py3-none-manylinux_2_17_i686.manylinux2014_i686.whl", hash = "sha256:62d425005c1835eb24e2ee4161cb90e8db263415f4a71c8c72c33abaa6c0c224", size = 11376494, upload-time = "2026-07-16T15:13:35.958Z" },
    { url = "https://files.pythonhosted.org/packages/bf/3e/422d3d95bcf04dd78e1aeac22184d4f9a8fb2c01865d39d44618484a0317/ruff-0.15.22-py3-none-manylinux_2_17_ppc64le.manylinux2014_ppc64le.whl", hash = "sha256:e8b9b3f8779a4f08c969defc3c8c35abffaa757e601ed5ae66d6d1db6519969a", size = 12208370, upload-time = "2026-07-16T15:13:39.185Z" },
    { url = "https://files.pythonhosted.org/packages/1e/91/5d065a0e0a02bf4813f5119ad278462eed081d2b832eb7c021ade0ec9e65/ruff-0.15.22-py3-none-manylinux_2_17_s390x.manylinux2014_s390x.whl", hash = "sha256:1e0dd1b2e4d3d585f897a0d137cbf4eaf6223bef4e8ce34d6bb12556c5f9249e", size = 11581098, upload-time = "2026-07-16T15:13:42.132Z" },
    { url = "https://files.pythonhosted.org/packages/f6/f9/a0d4871d12fae702eb1f41b686caf05f1f8b124dc6db6f784f53d74918fa/ruff-0.15.22-py3-none-manylinux_2_17_x86_64.manylinux2014_x86_64.whl", hash = "sha256:365523eb91d9224e1bcb03b022fbf0facb8f9e23792a2c53d9d4b3924bdbdebb", size = 11399422, upload-time = "2026-07-16T15:13:45.2Z" },
    { url = "https://files.pythonhosted.org/packages/18/80/c843a5176cddbceb0b7e8dd41cf9993490796c1c469348d384f5a5c13c56/ruff-0.15.22-py3-none-manylinux_2_31_riscv64.whl", hash = "sha256:fabfd168afdf29fee5be98b831efa9683c94d7c5a3b58b9ce5a2e38444589a74", size = 11381683, upload-time = "2026-07-16T15:13:48.46Z" },
    { url = "https://files.pythonhosted.org/packages/d4/00/8485de0ae92239438a36cfc51350db9b9e85c9ebdfaea91b18e422706662/ruff-0.15.22-py3-none-musllinux_1_2_aarch64.whl", hash = "sha256:225dbf095a87f1d9f90f5fd7924d2613ee452a75a4308c63a8f50f761787aa7c", size = 10850295, upload-time = "2026-07-16T15:13:51.655Z" },
    { url = "https://files.pythonhosted.org/packages/fa/91/24977ec2ec72eaf15e4394ace2959fdff2dd1e14f03e005e838023407169/ruff-0.15.22-py3-none-musllinux_1_2_armv7l.whl", hash = "sha256:1877d63b9d24ed278744f1523fd11b85540566d54641f97c566d7d9dc5ca5296", size = 10579640, upload-time = "2026-07-16T15:13:54.79Z" },
    { url = "https://files.pythonhosted.org/packages/9c/47/9b51216951974df1f263ac19da550d34252e0ed7218c25f10c5ef9ed7517/ruff-0.15.22-py3-none-musllinux_1_2_i686.whl", hash = "sha256:a1606c510bd7215680d32efab38965f7cdec3ef69f5170a3f4791404ffdd5262", size = 11105077, upload-time = "2026-07-16T15:13:57.915Z" },
    { url = "https://files.pythonhosted.org/packages/c2/47/20e9d4a3b8016778acea5fc32bb50d35d207500a17ddb529ffa6996feef8/ruff-0.15.22-py3-none-musllinux_1_2_x86_64.whl", hash = "sha256:630479b18625f5ffc373f77603a22a9f8ac0acd7ff0501178b5db28ec71e9c64", size = 11490980, upload-time = "2026-07-16T15:14:01.032Z" },
    { url = "https://files.pythonhosted.org/packages/4d/76/3f72d8fc38c1cb77b38c56a70da9d0c17700cc1cc50f9649c9d3c8f5ba71/ruff-0.15.22-py3-none-win32.whl", hash = "sha256:e5ba0e4a13fd14abbed2a77b517a3911290c6c6c59ef67784328d1668fab76cf", size = 10789165, upload-time = "2026-07-16T15:14:04.16Z" },
    { url = "https://files.pythonhosted.org/packages/cb/46/4965251734c2b6fcdca1b1b187d20bcac3af0ee5b083b89c910bb961ce3a/ruff-0.15.22-py3-none-win_amd64.whl", hash = "sha256:9be63ba1eb936acd2d1342fb8337c356353706fce233b2a15a09a97037e6acde", size = 11938297, upload-time = "2026-07-16T15:14:07.316Z" },
    { url = "https://files.pythonhosted.org/packages/57/c9/e69b1ff4c8b69093ef08b8919ab767af0569666865b39c30a8795d88d3c6/ruff-0.15.22-py3-none-win_arm64.whl", hash = "sha256:e1168075b72158510839f250027659cdd78476f40507dd517892304c41318661", size = 11298172, upload-time = "2026-07-16T15:14:10.51Z" },
]

[[package]]
name = "setuptools"
version = "83.0.0"
source = { registry = "https://pypi.org/simple" }
sdist = { url = "https://files.pythonhosted.org/packages/34/26/f5d29e25ffdb535afef2d35cdb55b325298f96debd670da4c325e08d70f4/setuptools-83.0.0.tar.gz", hash = "sha256:025bccbbf0fa05b6192bc64ae1e7b16e001fd6d6d4d5de03c97b1c1ade523bef", size = 1154254, upload-time = "2026-07-04T15:31:22.699Z" }
wheels = [
    { url = "https://files.pythonhosted.org/packages/5d/40/e1e72872c6354b306daef1703549e8e83b4d43cfea356311bf722a043752/setuptools-83.0.0-py3-none-any.whl", hash = "sha256:29b23c360f22f414dc7336bb39178cc7bcbf6021ed2733cde173f09dba19abb3", size = 1008090, upload-time = "2026-07-04T15:31:20.885Z" },
]

[[package]]
name = "toml"
version = "0.10.2"
source = { registry = "https://pypi.org/simple" }
sdist = { url = "https://files.pythonhosted.org/packages/be/ba/1f744cdc819428fc6b5084ec34d9b30660f6f9daaf70eead706e3203ec3c/toml-0.10.2.tar.gz", hash = "sha256:b3bda1d108d5dd99f4a20d24d9c348e91c4db7ab1b749200bded2f839ccbe68f", size = 22253, upload-time = "2020-11-01T01:40:22.204Z" }
wheels = [
    { url = "https://files.pythonhosted.org/packages/44/6f/7120676b6d73228c96e17f1f794d8ab046fc910d781c8d151120c3f1569e/toml-0.10.2-py2.py3-none-any.whl", hash = "sha256:806143ae5bfb6a3c6e736a764057db0e6a0e05e338b5630894a5f779cabb4f9b", size = 16588, upload-time = "2020-11-01T01:40:20.672Z" },
]

[[package]]
name = "watchdog"
version = "6.0.0"
source = { registry = "https://pypi.org/simple" }
sdist = { url = "https://files.pythonhosted.org/packages/db/7d/7f3d619e951c88ed75c6037b246ddcf2d322812ee8ea189be89511721d54/watchdog-6.0.0.tar.gz", hash = "sha256:9ddf7c82fda3ae8e24decda1338ede66e1c99883db93711d8fb941eaa2d8c282", size = 131220, upload-time = "2024-11-01T14:07:13.037Z" }
wheels = [
    { url = "https://files.pythonhosted.org/packages/68/98/b0345cabdce2041a01293ba483333582891a3bd5769b08eceb0d406056ef/watchdog-6.0.0-cp313-cp313-macosx_10_13_universal2.whl", hash = "sha256:490ab2ef84f11129844c23fb14ecf30ef3d8a6abafd3754a6f75ca1e6654136c", size = 96480, upload-time = "2024-11-01T14:06:42.952Z" },
    { url = "https://files.pythonhosted.org/packages/85/83/cdf13902c626b28eedef7ec4f10745c52aad8a8fe7eb04ed7b1f111ca20e/watchdog-6.0.0-cp313-cp313-macosx_10_13_x86_64.whl", hash = "sha256:76aae96b00ae814b181bb25b1b98076d5fc84e8a53cd8885a318b42b6d3a5134", size = 88451, upload-time = "2024-11-01T14:06:45.084Z" },
    { url = "https://files.pythonhosted.org/packages/fe/c4/225c87bae08c8b9ec99030cd48ae9c4eca050a59bf5c2255853e18c87b50/watchdog-6.0.0-cp313-cp313-macosx_11_0_arm64.whl", hash = "sha256:a175f755fc2279e0b7312c0035d52e27211a5bc39719dd529625b1930917345b", size = 89057, upload-time = "2024-11-01T14:06:47.324Z" },
    { url = "https://files.pythonhosted.org/packages/a9/c7/ca4bf3e518cb57a686b2feb4f55a1892fd9a3dd13f470fca14e00f80ea36/watchdog-6.0.0-py3-none-manylinux2014_aarch64.whl", hash = "sha256:7607498efa04a3542ae3e05e64da8202e58159aa1fa4acddf7678d34a35d4f13", size = 79079, upload-time = "2024-11-01T14:06:59.472Z" },
    { url = "https://files.pythonhosted.org/packages/5c/51/d46dc9332f9a647593c947b4b88e2381c8dfc0942d15b8edc0310fa4abb1/watchdog-6.0.0-py3-none-manylinux2014_armv7l.whl", hash = "sha256:9041567ee8953024c83343288ccc458fd0a2d811d6a0fd68c4c22609e3490379", size = 79078, upload-time = "2024-11-01T14:07:01.431Z" },
    { url = "https://files.pythonhosted.org/packages/d4/57/04edbf5e169cd318d5f07b4766fee38e825d64b6913ca157ca32d1a42267/watchdog-6.0.0-py3-none-manylinux2014_i686.whl", hash = "sha256:82dc3e3143c7e38ec49d61af98d6558288c415eac98486a5c581726e0737c00e", size = 79076, upload-time = "2024-11-01T14:07:02.568Z" },
    { url = "https://files.pythonhosted.org/packages/ab/cc/da8422b300e13cb187d2203f20b9253e91058aaf7db65b74142013478e66/watchdog-6.0.0-py3-none-manylinux2014_ppc64.whl", hash = "sha256:212ac9b8bf1161dc91bd09c048048a95ca3a4c4f5e5d4a7d1b1a7d5752a7f96f", size = 79077, upload-time = "2024-11-01T14:07:03.893Z" },
    { url = "https://files.pythonhosted.org/packages/2c/3b/b8964e04ae1a025c44ba8e4291f86e97fac443bca31de8bd98d3263d2fcf/watchdog-6.0.0-py3-none-manylinux2014_ppc64le.whl", hash = "sha256:e3df4cbb9a450c6d49318f6d14f4bbc80d763fa587ba46ec86f99f9e6876bb26", size = 79078, upload-time = "2024-11-01T14:07:05.189Z" },
    { url = "https://files.pythonhosted.org/packages/62/ae/a696eb424bedff7407801c257d4b1afda455fe40821a2be430e173660e81/watchdog-6.0.0-py3-none-manylinux2014_s390x.whl", hash = "sha256:2cce7cfc2008eb51feb6aab51251fd79b85d9894e98ba847408f662b3395ca3c", size = 79077, upload-time = "2024-11-01T14:07:06.376Z" },
    { url = "https://files.pythonhosted.org/packages/b5/e8/dbf020b4d98251a9860752a094d09a65e1b436ad181faf929983f697048f/watchdog-6.0.0-py3-none-manylinux2014_x86_64.whl", hash = "sha256:20ffe5b202af80ab4266dcd3e91aae72bf2da48c0d33bdb15c66658e685e94e2", size = 79078, upload-time = "2024-11-01T14:07:07.547Z" },
    { url = "https://files.pythonhosted.org/packages/07/f6/d0e5b343768e8bcb4cda79f0f2f55051bf26177ecd5651f84c07567461cf/watchdog-6.0.0-py3-none-win32.whl", hash = "sha256:07df1fdd701c5d4c8e55ef6cf55b8f0120fe1aef7ef39a1c6fc6bc2e606d517a", size = 79065, upload-time = "2024-11-01T14:07:09.525Z" },
    { url = "https://files.pythonhosted.org/packages/db/d9/c495884c6e548fce18a8f40568ff120bc3a4b7b99813081c8ac0c936fa64/watchdog-6.0.0-py3-none-win_amd64.whl", hash = "sha256:cbafb470cf848d93b5d013e2ecb245d4aa1c8fd0504e863ccefa32445359d680", size = 79070, upload-time = "2024-11-01T14:07:10.686Z" },
    { url = "https://files.pythonhosted.org/packages/33/e8/e40370e6d74ddba47f002a32919d91310d6074130fe4e17dabcafc15cbf1/watchdog-6.0.0-py3-none-win_ia64.whl", hash = "sha256:a1914259fa9e1454315171103c6a30961236f508b9b623eae470268bbcc6a22f", size = 79067, upload-time = "2024-11-01T14:07:11.845Z" },
]
